<Project xmlns="http://schemas.microsoft.com/developer/msbuild/2003">
    <PropertyGroup>
        <ProjectGuid>{8D339020-3ED7-4A99-BC68-8ABED1A37922}</ProjectGuid>
        <ProjectVersion>18.2</ProjectVersion>
        <FrameworkType>VCL</FrameworkType>
        <MainSource>Safe_CRM.dpr</MainSource>
        <Base>True</Base>
        <Config Condition="'$(Config)'==''">Debug</Config>
        <Platform Condition="'$(Platform)'==''">Win32</Platform>
        <TargetedPlatforms>1</TargetedPlatforms>
        <AppType>Application</AppType>
    </PropertyGroup>
    <PropertyGroup Condition="'$(Config)'=='Base' or '$(Base)'!=''">
        <Base>true</Base>
    </PropertyGroup>
    <PropertyGroup Condition="('$(Platform)'=='Win32' and '$(Base)'=='true') or '$(Base_Win32)'!=''">
        <Base_Win32>true</Base_Win32>
        <CfgParent>Base</CfgParent>
        <Base>true</Base>
    </PropertyGroup>
    <PropertyGroup Condition="'$(Config)'=='Debug' or '$(Cfg_1)'!=''">
        <Cfg_1>true</Cfg_1>
        <CfgParent>Base</CfgParent>
        <Base>true</Base>
    </PropertyGroup>
    <PropertyGroup Condition="('$(Platform)'=='Win32' and '$(Cfg_1)'=='true') or '$(Cfg_1_Win32)'!=''">
        <Cfg_1_Win32>true</Cfg_1_Win32>
        <CfgParent>Cfg_1</CfgParent>
        <Cfg_1>true</Cfg_1>
        <Base>true</Base>
    </PropertyGroup>
    <PropertyGroup Condition="'$(Config)'=='Release' or '$(Cfg_2)'!=''">
        <Cfg_2>true</Cfg_2>
        <CfgParent>Base</CfgParent>
        <Base>true</Base>
    </PropertyGroup>
    <PropertyGroup Condition="('$(Platform)'=='Win32' and '$(Cfg_2)'=='true') or '$(Cfg_2_Win32)'!=''">
        <Cfg_2_Win32>true</Cfg_2_Win32>
        <CfgParent>Cfg_2</CfgParent>
        <Cfg_2>true</Cfg_2>
        <Base>true</Base>
    </PropertyGroup>
    <PropertyGroup Condition="'$(Base)'!=''">
        <DCC_DcuOutput>.\$(Platform)\$(Config)</DCC_DcuOutput>
        <DCC_ExeOutput>.\$(Platform)\$(Config)</DCC_ExeOutput>
        <DCC_E>false</DCC_E>
        <DCC_N>false</DCC_N>
        <DCC_S>false</DCC_S>
        <DCC_F>false</DCC_F>
        <DCC_K>false</DCC_K>
        <DCC_UsePackage>aurelius;inet;$(DCC_UsePackage)</DCC_UsePackage>
        <DCC_Namespace>System;Xml;Data;Datasnap;Web;Soap;Vcl;Vcl.Imaging;Vcl.Touch;Vcl.Samples;Vcl.Shell;$(DCC_Namespace)</DCC_Namespace>
        <Icon_MainIcon>$(BDS)\bin\delphi_PROJECTICON.ico</Icon_MainIcon>
        <UWP_DelphiLogo44>$(BDS)\bin\Artwork\Windows\UWP\delphi_UwpDefault_44.png</UWP_DelphiLogo44>
        <UWP_DelphiLogo150>$(BDS)\bin\Artwork\Windows\UWP\delphi_UwpDefault_150.png</UWP_DelphiLogo150>
        <SanitizedProjectName>Safe_CRM</SanitizedProjectName>
    </PropertyGroup>
    <PropertyGroup Condition="'$(Base_Win32)'!=''">
        <DCC_UsePackage>vcl;vclactnband;dac250;IndySystem;tethering;svnui;ibdac250;vclimg;rbRCL1825;ibdacvcl250;vcltouch;vcldb;bindcompfmx;svn;rbBDE1825;rbUSER1825;RaizeComponentsVcl;ipstudiowinclient;RaizeComponentsVclDb;fmx;fmxdae;xmlrtl;fmxobj;vclwinx;rtl;dacvcl250;CustomIPTransport;vcldsnap;IndyCore;CodeSiteExpressPkg;rbIDE1825;vclx;bindcomp;appanalytics;dsnap;ipstudiowin;crcontrols250;bindcompvcl;rbUSERDesign1825;VclSmp;vclie;remotedb;bindengine;ibdacfmx250;dbrtl;IndyProtocols;fmxase;$(DCC_UsePackage)</DCC_UsePackage>
        <DCC_Namespace>Winapi;System.Win;Data.Win;Datasnap.Win;Web.Win;Soap.Win;Xml.Win;Bde;$(DCC_Namespace)</DCC_Namespace>
        <VerInfo_IncludeVerInfo>true</VerInfo_IncludeVerInfo>
        <VerInfo_Keys>CompanyName=;FileDescription=$(MSBuildProjectName);FileVersion=1.0.0.0;InternalName=;LegalCopyright=;LegalTrademarks=;OriginalFilename=;ProgramID=com.embarcadero.$(MSBuildProjectName);ProductName=$(MSBuildProjectName);ProductVersion=1.0.0.0;Comments=</VerInfo_Keys>
        <VerInfo_Locale>1033</VerInfo_Locale>
        <Manifest_File>$(BDS)\bin\default_app.manifest</Manifest_File>
        <DCC_DcpOutput>C:\Data\DelphiProjects\Safe_CRM\DCU\</DCC_DcpOutput>
        <DCC_ExeOutput>C:\Data\DelphiProjects\Safe_CRM\EXE\</DCC_ExeOutput>
    </PropertyGroup>
    <PropertyGroup Condition="'$(Cfg_1)'!=''">
        <DCC_Define>DEBUG;$(DCC_Define)</DCC_Define>
        <DCC_DebugDCUs>true</DCC_DebugDCUs>
        <DCC_Optimize>false</DCC_Optimize>
        <DCC_GenerateStackFrames>true</DCC_GenerateStackFrames>
        <DCC_DebugInfoInExe>true</DCC_DebugInfoInExe>
        <DCC_RemoteDebug>true</DCC_RemoteDebug>
    </PropertyGroup>
    <PropertyGroup Condition="'$(Cfg_1_Win32)'!=''">
        <DCC_RemoteDebug>false</DCC_RemoteDebug>
        <AppEnableRuntimeThemes>true</AppEnableRuntimeThemes>
        <AppEnableHighDPI>true</AppEnableHighDPI>
        <DCC_DcuOutput>C:\Data\DelphiProjects\Safe_CRM\DCU\</DCC_DcuOutput>
        <VerInfo_IncludeVerInfo>true</VerInfo_IncludeVerInfo>
        <VerInfo_Locale>1033</VerInfo_Locale>
    </PropertyGroup>
    <PropertyGroup Condition="'$(Cfg_2)'!=''">
        <DCC_LocalDebugSymbols>false</DCC_LocalDebugSymbols>
        <DCC_Define>RELEASE;$(DCC_Define)</DCC_Define>
        <DCC_SymbolReferenceInfo>0</DCC_SymbolReferenceInfo>
        <DCC_DebugInformation>0</DCC_DebugInformation>
    </PropertyGroup>
    <PropertyGroup Condition="'$(Cfg_2_Win32)'!=''">
        <AppEnableRuntimeThemes>true</AppEnableRuntimeThemes>
        <AppEnableHighDPI>true</AppEnableHighDPI>
        <VerInfo_IncludeVerInfo>true</VerInfo_IncludeVerInfo>
        <VerInfo_Locale>1033</VerInfo_Locale>
        <Icon_MainIcon>Safe_CRM_Icon1.ico</Icon_MainIcon>
    </PropertyGroup>
    <ItemGroup>
        <DelphiCompile Include="$(MainSource)">
            <MainSource>MainSource</MainSource>
        </DelphiCompile>
        <DCCReference Include="M_params.pas">
            <Form>M_paramsFRM</Form>
            <FormType>dfm</FormType>
        </DCCReference>
        <DCCReference Include="U_Database.pas">
            <Form>U_databaseFRM</Form>
            <FormType>dfm</FormType>
            <DesignClass>TDataModule</DesignClass>
        </DCCReference>
        <DCCReference Include="G_generalProcs.pas"/>
        <DCCReference Include="G_KyrSQL.pas"/>
        <DCCReference Include="M_Main.pas">
            <Form>M_mainFRM</Form>
            <FormType>dfm</FormType>
        </DCCReference>
        <DCCReference Include="M_Venue.pas">
            <Form>M_venuFRM</Form>
            <FormType>dfm</FormType>
        </DCCReference>
        <DCCReference Include="M_seminarType.pas">
            <Form>M_SeminarTypeFRM</Form>
            <FormType>dfm</FormType>
        </DCCReference>
        <DCCReference Include="V_Seminar.pas">
            <Form>V_SeminarFRM</Form>
            <FormType>dfm</FormType>
        </DCCReference>
        <DCCReference Include="H_Help.pas">
            <Form>H_HelpFRM</Form>
            <FormType>dfm</FormType>
        </DCCReference>
        <DCCReference Include="G_SFCommonProcs.pas"/>
        <DCCReference Include="p_attendance.pas">
            <Form>P_attendanceFRM</Form>
            <FormType>dfm</FormType>
        </DCCReference>
        <DCCReference Include="M_Company.pas">
            <Form>M_CompanyFRM</Form>
            <FormType>dfm</FormType>
        </DCCReference>
        <DCCReference Include="L_Seminar.pas">
            <Form>L_SeminarFRM</Form>
            <FormType>dfm</FormType>
        </DCCReference>
        <DCCReference Include="V_SeminarStages.pas">
            <Form>V_SeminarStagesFRM</Form>
            <FormType>dfm</FormType>
        </DCCReference>
        <DCCReference Include="I_certificates.pas">
            <Form>I_CertificatesFRM</Form>
            <FormType>dfm</FormType>
        </DCCReference>
        <DCCReference Include="I_invoiceSeminar.pas">
            <Form>I_InvoiceSeminarFRM</Form>
            <FormType>dfm</FormType>
        </DCCReference>
        <DCCReference Include="R_PresenceTotal.pas">
            <Form>R_presenceTotalFRM</Form>
            <FormType>dfm</FormType>
        </DCCReference>
        <DCCReference Include="R_Certificate.pas">
            <Form>R_certificateFRM</Form>
            <FormType>dfm</FormType>
        </DCCReference>
        <DCCReference Include="R_Presence.pas">
            <Form>R_presenceFRM</Form>
            <FormType>dfm</FormType>
        </DCCReference>
        <DCCReference Include="G_DebugUnit.pas"/>
        <DCCReference Include="L_reminders.pas">
            <Form>L_RemindersFRM</Form>
            <FormType>dfm</FormType>
        </DCCReference>
        <DCCReference Include="M_CompanyNew.pas">
            <Form>M_companyNewFRM</Form>
            <FormType>dfm</FormType>
        </DCCReference>
        <DCCReference Include="L_Companies.pas">
            <Form>L_companiesFRM</Form>
            <FormType>dfm</FormType>
        </DCCReference>
        <DCCReference Include="M_reminderComplete.pas">
            <Form>M_ReminderCompleteFRM</Form>
            <FormType>dfm</FormType>
        </DCCReference>
        <DCCReference Include="v_SeminarPictureTemplate.pas">
            <Form>V_SeminarPictureTemplateFRM</Form>
            <FormType>dfm</FormType>
        </DCCReference>
        <DCCReference Include="SN_Login.pas">
            <Form>SN_LoginFRm</Form>
            <FormType>dfm</FormType>
        </DCCReference>
        <DCCReference Include="SN_User.pas">
            <Form>SN_UserFRM</Form>
            <FormType>dfm</FormType>
        </DCCReference>
        <DCCReference Include="SN_SecurityAccess.pas">
            <Form>SN_SecurityAccessFRM</Form>
            <FormType>dfm</FormType>
        </DCCReference>
        <DCCReference Include="SN_AddUser.pas">
            <Form>SN_AddUserFRM</Form>
            <FormType>dfm</FormType>
        </DCCReference>
        <DCCReference Include="P_ViewPayment.pas">
            <Form>P_ViewPaymentFRM</Form>
            <FormType>dfm</FormType>
        </DCCReference>
        <DCCReference Include="l_listInvoices.pas">
            <Form>L_listInvoicesFRM</Form>
            <FormType>dfm</FormType>
        </DCCReference>
        <DCCReference Include="r_certificateDates.pas">
            <Form>R_CertificateDatesFRM</Form>
        </DCCReference>
        <DCCReference Include="R_SeminarListingRevenues.pas">
            <Form>R_SeminarListingRevenuesFRM</Form>
            <FormType>dfm</FormType>
        </DCCReference>
        <DCCReference Include="R_SeminarRevenues.pas">
            <Form>R_SeminarRevenuesFRM</Form>
            <FormType>dfm</FormType>
        </DCCReference>
        <DCCReference Include="R_presencePerDay.pas">
            <Form>R_presencePErDayFRM</Form>
            <FormType>dfm</FormType>
        </DCCReference>
        <DCCReference Include="SN_ModifyPassword.pas">
            <Form>SN_ModifyPasswordFRM</Form>
            <FormType>dfm</FormType>
        </DCCReference>
        <DCCReference Include="R_invoices.pas">
            <Form>R_InvoicesFRM</Form>
            <FormType>dfm</FormType>
        </DCCReference>
        <DCCReference Include="R_InvoicesUnpaid.pas">
            <Form>R_invoicesUnpaidFRM</Form>
            <FormType>dfm</FormType>
        </DCCReference>
        <DCCReference Include="M_reminder.pas">
            <Form>M_reminderFRM</Form>
            <FormType>dfm</FormType>
        </DCCReference>
        <DCCReference Include="R_seminarAttend.pas">
            <Form>R_seminarsAttendFRM</Form>
            <FormType>dfm</FormType>
        </DCCReference>
        <DCCReference Include="S_updateStatus.pas">
            <Form>S_UpdateStatusFRM</Form>
            <FormType>dfm</FormType>
        </DCCReference>
        <DCCReference Include="M_Instructor.pas">
            <Form>M_InstructorFRM</Form>
            <FormType>dfm</FormType>
        </DCCReference>
        <DCCReference Include="R_Reminders.pas">
            <Form>R_remindersFRM</Form>
            <FormType>dfm</FormType>
        </DCCReference>
        <DCCReference Include="R_AnadFIles.pas">
            <Form>R_AnadFilesFRM</Form>
            <FormType>dfm</FormType>
        </DCCReference>
        <DCCReference Include="m_FixMaleFemale.pas">
            <Form>M_FixMaleFemaleFRM</Form>
            <FormType>dfm</FormType>
        </DCCReference>
        <DCCReference Include="M_Student.pas">
            <Form>M_StudentFRM</Form>
            <FormType>dfm</FormType>
        </DCCReference>
        <DCCReference Include="R_expiry.pas">
            <Form>R_ExpiryFRM</Form>
            <FormType>dfm</FormType>
        </DCCReference>
        <DCCReference Include="S_LoadPDF.pas">
            <Form>S_loadPdfFRM</Form>
            <FormType>dfm</FormType>
        </DCCReference>
        <DCCReference Include="S_LoadDocs.pas">
            <Form>S_LoadDocsFRM</Form>
            <FormType>dfm</FormType>
        </DCCReference>
        <DCCReference Include="S_backupData.pas">
            <Form>M_backupDataFRM</Form>
            <FormType>dfm</FormType>
        </DCCReference>
        <DCCReference Include="t_test2.pas">
            <Form>T_test2FRM</Form>
            <FormType>dfm</FormType>
        </DCCReference>
        <BuildConfiguration Include="Release">
            <Key>Cfg_2</Key>
            <CfgParent>Base</CfgParent>
        </BuildConfiguration>
        <BuildConfiguration Include="Base">
            <Key>Base</Key>
        </BuildConfiguration>
        <BuildConfiguration Include="Debug">
            <Key>Cfg_1</Key>
            <CfgParent>Base</CfgParent>
        </BuildConfiguration>
    </ItemGroup>
    <ProjectExtensions>
        <Borland.Personality>Delphi.Personality.12</Borland.Personality>
        <Borland.ProjectType>Application</Borland.ProjectType>
        <BorlandProject>
            <Delphi.Personality>
                <Source>
                    <Source Name="MainSource">Safe_CRM.dpr</Source>
                </Source>
                <Excluded_Packages>
                    <Excluded_Packages Name="$(BDSBIN)\ipstudiowinwordxp250.bpl">Woll2Woll InfoPower RichEdit for MSWord XP</Excluded_Packages>
                </Excluded_Packages>
            </Delphi.Personality>
            <Platforms>
                <Platform value="Win32">True</Platform>
            </Platforms>
        </BorlandProject>
        <ProjectFileVersion>12</ProjectFileVersion>
    </ProjectExtensions>
    <Import Project="$(BDS)\Bin\CodeGear.Delphi.Targets" Condition="Exists('$(BDS)\Bin\CodeGear.Delphi.Targets')"/>
    <Import Project="$(APPDATA)\Embarcadero\$(BDSAPPDATABASEDIR)\$(PRODUCTVERSION)\UserTools.proj" Condition="Exists('$(APPDATA)\Embarcadero\$(BDSAPPDATABASEDIR)\$(PRODUCTVERSION)\UserTools.proj')"/>
</Project>
